// !$*UTF8*$!
{
	archiveVersion = 1;
	classes = {
	};
	objectVersion = 55;
	objects = {

/* Begin PBXBuildFile section */
		3E2E14C428D9EA1D0094273E /* AppDelegate.swift in Sources */ = {isa = PBXBuildFile; fileRef = 3E2E14C328D9EA1D0094273E /* AppDelegate.swift */; };
		3E2E14C628D9EA1D0094273E /* SceneDelegate.swift in Sources */ = {isa = PBXBuildFile; fileRef = 3E2E14C528D9EA1D0094273E /* SceneDelegate.swift */; };
		3E2E14CB28D9EA1D0094273E /* Main.storyboard in Resources */ = {isa = PBXBuildFile; fileRef = 3E2E14C928D9EA1D0094273E /* Main.storyboard */; };
		3E2E14CE28D9EA1D0094273E /* NewsApp.xcdatamodeld in Sources */ = {isa = PBXBuildFile; fileRef = 3E2E14CC28D9EA1D0094273E /* NewsApp.xcdatamodeld */; };
		3E2E14D028D9EA1F0094273E /* Assets.xcassets in Resources */ = {isa = PBXBuildFile; fileRef = 3E2E14CF28D9EA1F0094273E /* Assets.xcassets */; };
		3E2E14D328D9EA1F0094273E /* LaunchScreen.storyboard in Resources */ = {isa = PBXBuildFile; fileRef = 3E2E14D128D9EA1F0094273E /* LaunchScreen.storyboard */; };
		3E2E14DD28D9FDD50094273E /* NewsTableViewCell.swift in Sources */ = {isa = PBXBuildFile; fileRef = 3E2E14DB28D9FDD50094273E /* NewsTableViewCell.swift */; };
		3E2E14DE28D9FDD50094273E /* NewsTableViewCell.xib in Resources */ = {isa = PBXBuildFile; fileRef = 3E2E14DC28D9FDD50094273E /* NewsTableViewCell.xib */; };
		3E2E14E028DA00820094273E /* ListNewsViewController.swift in Sources */ = {isa = PBXBuildFile; fileRef = 3E2E14DF28DA00820094273E /* ListNewsViewController.swift */; };
		3E2E14E628DA06240094273E /* SearchViewController.swift in Sources */ = {isa = PBXBuildFile; fileRef = 3E2E14E528DA06240094273E /* SearchViewController.swift */; };
		3E2E14EA28DA068E0094273E /* FavViewController.swift in Sources */ = {isa = PBXBuildFile; fileRef = 3E2E14E928DA068E0094273E /* FavViewController.swift */; };
		3E2E14EE28DA10ED0094273E /* APIClint.swift in Sources */ = {isa = PBXBuildFile; fileRef = 3E2E14ED28DA10ED0094273E /* APIClint.swift */; };
		3E2E14F028DA10FE0094273E /* EndPoints.swift in Sources */ = {isa = PBXBuildFile; fileRef = 3E2E14EF28DA10FE0094273E /* EndPoints.swift */; };
		3E2E14F228DA11210094273E /* NetworkServiceProtocol.swift in Sources */ = {isa = PBXBuildFile; fileRef = 3E2E14F128DA11210094273E /* NetworkServiceProtocol.swift */; };
		3E2E14FA28DA230F0094273E /* ErrorType.swift in Sources */ = {isa = PBXBuildFile; fileRef = 3E2E14F928DA230F0094273E /* ErrorType.swift */; };
		3E2E14FC28DA23CE0094273E /* Methods.swift in Sources */ = {isa = PBXBuildFile; fileRef = 3E2E14FB28DA23CE0094273E /* Methods.swift */; };
		3E2E14FF28DA28EC0094273E /* NewsViewModel.swift in Sources */ = {isa = PBXBuildFile; fileRef = 3E2E14FE28DA28EC0094273E /* NewsViewModel.swift */; };
		3E2E150528DA68220094273E /* splash.json in Resources */ = {isa = PBXBuildFile; fileRef = 3E2E150428DA68210094273E /* splash.json */; };
		3E2E150728DA68F10094273E /* SplashViewController.swift in Sources */ = {isa = PBXBuildFile; fileRef = 3E2E150628DA68F10094273E /* SplashViewController.swift */; };
		3E9D03B928DA794800178430 /* Utilities.swift in Sources */ = {isa = PBXBuildFile; fileRef = 3E9D03B828DA794800178430 /* Utilities.swift */; };
		3E9D03BB28DA857000178430 /* CountryOnBoardingViewController.swift in Sources */ = {isa = PBXBuildFile; fileRef = 3E9D03BA28DA857000178430 /* CountryOnBoardingViewController.swift */; };
		3E9D03BD28DA86F600178430 /* CatgoryOnboardingViewController.swift in Sources */ = {isa = PBXBuildFile; fileRef = 3E9D03BC28DA86F600178430 /* CatgoryOnboardingViewController.swift */; };
		3E9D03C028DA953000178430 /* CatgoryTableViewCell.swift in Sources */ = {isa = PBXBuildFile; fileRef = 3E9D03BE28DA953000178430 /* CatgoryTableViewCell.swift */; };
		3E9D03C128DA953000178430 /* CatgoryTableViewCell.xib in Resources */ = {isa = PBXBuildFile; fileRef = 3E9D03BF28DA953000178430 /* CatgoryTableViewCell.xib */; };
		3E9D03C328DA9ECE00178430 /* TabBarViewController.swift in Sources */ = {isa = PBXBuildFile; fileRef = 3E9D03C228DA9ECE00178430 /* TabBarViewController.swift */; };
		3E9D03CC28DAA9E800178430 /* ArticlesModel.swift in Sources */ = {isa = PBXBuildFile; fileRef = 3E9D03CB28DAA9E800178430 /* ArticlesModel.swift */; };
		3E9D03CE28DAABBD00178430 /* LocalDataSource.swift in Sources */ = {isa = PBXBuildFile; fileRef = 3E9D03CD28DAABBD00178430 /* LocalDataSource.swift */; };
		3E9EBA6028DFCE1700EBB5BD /* LocalDataSourseTests.swift in Sources */ = {isa = PBXBuildFile; fileRef = 3E9EBA5F28DFCE1700EBB5BD /* LocalDataSourseTests.swift */; };
		3E9EBA6228DFDAC200EBB5BD /* MockCoreData.swift in Sources */ = {isa = PBXBuildFile; fileRef = 3E9EBA6128DFDAC200EBB5BD /* MockCoreData.swift */; };
		3E9EBA6428DFEF7600EBB5BD /* UtilitesTest.swift in Sources */ = {isa = PBXBuildFile; fileRef = 3E9EBA6328DFEF7600EBB5BD /* UtilitesTest.swift */; };
		3E9EBA6E28E0104400EBB5BD /* NewsAppUITests.swift in Sources */ = {isa = PBXBuildFile; fileRef = 3E9EBA6D28E0104400EBB5BD /* NewsAppUITests.swift */; };
		3E9EBA7028E0104500EBB5BD /* NewsAppUITestsLaunchTests.swift in Sources */ = {isa = PBXBuildFile; fileRef = 3E9EBA6F28E0104500EBB5BD /* NewsAppUITestsLaunchTests.swift */; };
		3EABFFDE28DD1C650004E43E /* ListNewsCoreData+ex.swift in Sources */ = {isa = PBXBuildFile; fileRef = 3EABFFDD28DD1C650004E43E /* ListNewsCoreData+ex.swift */; };
		3EABFFE028DD1CBA0004E43E /* SearchViewCoreData+ex.swift in Sources */ = {isa = PBXBuildFile; fileRef = 3EABFFDF28DD1CBA0004E43E /* SearchViewCoreData+ex.swift */; };
		3EABFFE728DD4C2E0004E43E /* SettingsViewController.swift in Sources */ = {isa = PBXBuildFile; fileRef = 3EABFFE628DD4C2E0004E43E /* SettingsViewController.swift */; };
		3ED20F3028DF9B3C00CF267B /* ApiClintTests.swift in Sources */ = {isa = PBXBuildFile; fileRef = 3ED20F2F28DF9B3C00CF267B /* ApiClintTests.swift */; };
		3ED20F3F28DFA38400CF267B /* stub.json in Resources */ = {isa = PBXBuildFile; fileRef = 3ED20F3E28DFA38400CF267B /* stub.json */; };
		3ED20F4128DFA3C400CF267B /* Bundle+unitTest.swift in Sources */ = {isa = PBXBuildFile; fileRef = 3ED20F4028DFA3C400CF267B /* Bundle+unitTest.swift */; };
		3ED20F4528DFBB4B00CF267B /* ViewModelTests.swift in Sources */ = {isa = PBXBuildFile; fileRef = 3ED20F4428DFBB4B00CF267B /* ViewModelTests.swift */; };
		3ED734BA28DBC543000BE873 /* HandleConnection.swift in Sources */ = {isa = PBXBuildFile; fileRef = 3ED734B928DBC543000BE873 /* HandleConnection.swift */; };
		3ED734BC28DBCB61000BE873 /* ListNewsTb+Ex.swift in Sources */ = {isa = PBXBuildFile; fileRef = 3ED734BB28DBCB61000BE873 /* ListNewsTb+Ex.swift */; };
		3ED734BE28DBCFBE000BE873 /* SearchViewTb+Ex.swift in Sources */ = {isa = PBXBuildFile; fileRef = 3ED734BD28DBCFBE000BE873 /* SearchViewTb+Ex.swift */; };
		3ED734C028DBD18C000BE873 /* FavViewTb+ex.swift in Sources */ = {isa = PBXBuildFile; fileRef = 3ED734BF28DBD18C000BE873 /* FavViewTb+ex.swift */; };
		9026CAAD23F903BE59E98C17 /* Pods_NewsApp.framework in Frameworks */ = {isa = PBXBuildFile; fileRef = 4CD4536BEF5EBBA09998F943 /* Pods_NewsApp.framework */; };
/* End PBXBuildFile section */

/* Begin PBXContainerItemProxy section */
		3E9EBA7128E0104500EBB5BD /* PBXContainerItemProxy */ = {
			isa = PBXContainerItemProxy;
			containerPortal = 3E2E14B828D9EA1D0094273E /* Project object */;
			proxyType = 1;
			remoteGlobalIDString = 3E2E14BF28D9EA1D0094273E;
			remoteInfo = NewsApp;
		};
		3ED20F2A28DF888300CF267B /* PBXContainerItemProxy */ = {
			isa = PBXContainerItemProxy;
			containerPortal = 3E2E14B828D9EA1D0094273E /* Project object */;
			proxyType = 1;
			remoteGlobalIDString = 3E2E14BF28D9EA1D0094273E;
			remoteInfo = NewsApp;
		};
/* End PBXContainerItemProxy section */

/* Begin PBXFileReference section */
		3E2E14C028D9EA1D0094273E /* NewsApp.app */ = {isa = PBXFileReference; explicitFileType = wrapper.application; includeInIndex = 0; path = NewsApp.app; sourceTree = BUILT_PRODUCTS_DIR; };
		3E2E14C328D9EA1D0094273E /* AppDelegate.swift */ = {isa = PBXFileReference; lastKnownFileType = sourcecode.swift; path = AppDelegate.swift; sourceTree = "<group>"; };
		3E2E14C528D9EA1D0094273E /* SceneDelegate.swift */ = {isa = PBXFileReference; lastKnownFileType = sourcecode.swift; path = SceneDelegate.swift; sourceTree = "<group>"; };
		3E2E14CA28D9EA1D0094273E /* Base */ = {isa = PBXFileReference; lastKnownFileType = file.storyboard; name = Base; path = Base.lproj/Main.storyboard; sourceTree = "<group>"; };
		3E2E14CD28D9EA1D0094273E /* NewsApp.xcdatamodel */ = {isa = PBXFileReference; lastKnownFileType = wrapper.xcdatamodel; path = NewsApp.xcdatamodel; sourceTree = "<group>"; };
		3E2E14CF28D9EA1F0094273E /* Assets.xcassets */ = {isa = PBXFileReference; lastKnownFileType = folder.assetcatalog; path = Assets.xcassets; sourceTree = "<group>"; };
		3E2E14D228D9EA1F0094273E /* Base */ = {isa = PBXFileReference; lastKnownFileType = file.storyboard; name = Base; path = Base.lproj/LaunchScreen.storyboard; sourceTree = "<group>"; };
		3E2E14D428D9EA1F0094273E /* Info.plist */ = {isa = PBXFileReference; lastKnownFileType = text.plist.xml; path = Info.plist; sourceTree = "<group>"; };
		3E2E14DB28D9FDD50094273E /* NewsTableViewCell.swift */ = {isa = PBXFileReference; lastKnownFileType = sourcecode.swift; path = NewsTableViewCell.swift; sourceTree = "<group>"; };
		3E2E14DC28D9FDD50094273E /* NewsTableViewCell.xib */ = {isa = PBXFileReference; lastKnownFileType = file.xib; path = NewsTableViewCell.xib; sourceTree = "<group>"; };
		3E2E14DF28DA00820094273E /* ListNewsViewController.swift */ = {isa = PBXFileReference; lastKnownFileType = sourcecode.swift; path = ListNewsViewController.swift; sourceTree = "<group>"; };
		3E2E14E528DA06240094273E /* SearchViewController.swift */ = {isa = PBXFileReference; lastKnownFileType = sourcecode.swift; path = SearchViewController.swift; sourceTree = "<group>"; };
		3E2E14E928DA068E0094273E /* FavViewController.swift */ = {isa = PBXFileReference; lastKnownFileType = sourcecode.swift; path = FavViewController.swift; sourceTree = "<group>"; };
		3E2E14ED28DA10ED0094273E /* APIClint.swift */ = {isa = PBXFileReference; lastKnownFileType = sourcecode.swift; path = APIClint.swift; sourceTree = "<group>"; };
		3E2E14EF28DA10FE0094273E /* EndPoints.swift */ = {isa = PBXFileReference; lastKnownFileType = sourcecode.swift; path = EndPoints.swift; sourceTree = "<group>"; };
		3E2E14F128DA11210094273E /* NetworkServiceProtocol.swift */ = {isa = PBXFileReference; lastKnownFileType = sourcecode.swift; path = NetworkServiceProtocol.swift; sourceTree = "<group>"; };
		3E2E14F928DA230F0094273E /* ErrorType.swift */ = {isa = PBXFileReference; lastKnownFileType = sourcecode.swift; path = ErrorType.swift; sourceTree = "<group>"; };
		3E2E14FB28DA23CE0094273E /* Methods.swift */ = {isa = PBXFileReference; lastKnownFileType = sourcecode.swift; path = Methods.swift; sourceTree = "<group>"; };
		3E2E14FE28DA28EC0094273E /* NewsViewModel.swift */ = {isa = PBXFileReference; lastKnownFileType = sourcecode.swift; path = NewsViewModel.swift; sourceTree = "<group>"; };
		3E2E150428DA68210094273E /* splash.json */ = {isa = PBXFileReference; fileEncoding = 4; lastKnownFileType = text.json; path = splash.json; sourceTree = "<group>"; };
		3E2E150628DA68F10094273E /* SplashViewController.swift */ = {isa = PBXFileReference; lastKnownFileType = sourcecode.swift; path = SplashViewController.swift; sourceTree = "<group>"; };
		3E9D03B828DA794800178430 /* Utilities.swift */ = {isa = PBXFileReference; lastKnownFileType = sourcecode.swift; path = Utilities.swift; sourceTree = "<group>"; };
		3E9D03BA28DA857000178430 /* CountryOnBoardingViewController.swift */ = {isa = PBXFileReference; lastKnownFileType = sourcecode.swift; path = CountryOnBoardingViewController.swift; sourceTree = "<group>"; };
		3E9D03BC28DA86F600178430 /* CatgoryOnboardingViewController.swift */ = {isa = PBXFileReference; lastKnownFileType = sourcecode.swift; path = CatgoryOnboardingViewController.swift; sourceTree = "<group>"; };
		3E9D03BE28DA953000178430 /* CatgoryTableViewCell.swift */ = {isa = PBXFileReference; lastKnownFileType = sourcecode.swift; path = CatgoryTableViewCell.swift; sourceTree = "<group>"; };
		3E9D03BF28DA953000178430 /* CatgoryTableViewCell.xib */ = {isa = PBXFileReference; lastKnownFileType = file.xib; path = CatgoryTableViewCell.xib; sourceTree = "<group>"; };
		3E9D03C228DA9ECE00178430 /* TabBarViewController.swift */ = {isa = PBXFileReference; lastKnownFileType = sourcecode.swift; path = TabBarViewController.swift; sourceTree = "<group>"; };
		3E9D03CB28DAA9E800178430 /* ArticlesModel.swift */ = {isa = PBXFileReference; lastKnownFileType = sourcecode.swift; path = ArticlesModel.swift; sourceTree = "<group>"; };
		3E9D03CD28DAABBD00178430 /* LocalDataSource.swift */ = {isa = PBXFileReference; lastKnownFileType = sourcecode.swift; path = LocalDataSource.swift; sourceTree = "<group>"; };
		3E9EBA5F28DFCE1700EBB5BD /* LocalDataSourseTests.swift */ = {isa = PBXFileReference; lastKnownFileType = sourcecode.swift; path = LocalDataSourseTests.swift; sourceTree = "<group>"; };
		3E9EBA6128DFDAC200EBB5BD /* MockCoreData.swift */ = {isa = PBXFileReference; lastKnownFileType = sourcecode.swift; path = MockCoreData.swift; sourceTree = "<group>"; };
		3E9EBA6328DFEF7600EBB5BD /* UtilitesTest.swift */ = {isa = PBXFileReference; lastKnownFileType = sourcecode.swift; path = UtilitesTest.swift; sourceTree = "<group>"; };
		3E9EBA6B28E0104400EBB5BD /* NewsAppUITests.xctest */ = {isa = PBXFileReference; explicitFileType = wrapper.cfbundle; includeInIndex = 0; path = NewsAppUITests.xctest; sourceTree = BUILT_PRODUCTS_DIR; };
		3E9EBA6D28E0104400EBB5BD /* NewsAppUITests.swift */ = {isa = PBXFileReference; lastKnownFileType = sourcecode.swift; path = NewsAppUITests.swift; sourceTree = "<group>"; };
		3E9EBA6F28E0104500EBB5BD /* NewsAppUITestsLaunchTests.swift */ = {isa = PBXFileReference; lastKnownFileType = sourcecode.swift; path = NewsAppUITestsLaunchTests.swift; sourceTree = "<group>"; };
		3EABFFDD28DD1C650004E43E /* ListNewsCoreData+ex.swift */ = {isa = PBXFileReference; lastKnownFileType = sourcecode.swift; path = "ListNewsCoreData+ex.swift"; sourceTree = "<group>"; };
		3EABFFDF28DD1CBA0004E43E /* SearchViewCoreData+ex.swift */ = {isa = PBXFileReference; lastKnownFileType = sourcecode.swift; path = "SearchViewCoreData+ex.swift"; sourceTree = "<group>"; };
		3EABFFE628DD4C2E0004E43E /* SettingsViewController.swift */ = {isa = PBXFileReference; lastKnownFileType = sourcecode.swift; path = SettingsViewController.swift; sourceTree = "<group>"; };
		3ED20F2628DF888000CF267B /* NewsAppTests.xctest */ = {isa = PBXFileReference; explicitFileType = wrapper.cfbundle; includeInIndex = 0; path = NewsAppTests.xctest; sourceTree = BUILT_PRODUCTS_DIR; };
		3ED20F2F28DF9B3C00CF267B /* ApiClintTests.swift */ = {isa = PBXFileReference; lastKnownFileType = sourcecode.swift; path = ApiClintTests.swift; sourceTree = "<group>"; };
		3ED20F3E28DFA38400CF267B /* stub.json */ = {isa = PBXFileReference; lastKnownFileType = text.json; path = stub.json; sourceTree = "<group>"; };
		3ED20F4028DFA3C400CF267B /* Bundle+unitTest.swift */ = {isa = PBXFileReference; lastKnownFileType = sourcecode.swift; path = "Bundle+unitTest.swift"; sourceTree = "<group>"; };
		3ED20F4428DFBB4B00CF267B /* ViewModelTests.swift */ = {isa = PBXFileReference; lastKnownFileType = sourcecode.swift; path = ViewModelTests.swift; sourceTree = "<group>"; };
		3ED734B928DBC543000BE873 /* HandleConnection.swift */ = {isa = PBXFileReference; lastKnownFileType = sourcecode.swift; path = HandleConnection.swift; sourceTree = "<group>"; };
		3ED734BB28DBCB61000BE873 /* ListNewsTb+Ex.swift */ = {isa = PBXFileReference; lastKnownFileType = sourcecode.swift; path = "ListNewsTb+Ex.swift"; sourceTree = "<group>"; };
		3ED734BD28DBCFBE000BE873 /* SearchViewTb+Ex.swift */ = {isa = PBXFileReference; lastKnownFileType = sourcecode.swift; path = "SearchViewTb+Ex.swift"; sourceTree = "<group>"; };
		3ED734BF28DBD18C000BE873 /* FavViewTb+ex.swift */ = {isa = PBXFileReference; lastKnownFileType = sourcecode.swift; path = "FavViewTb+ex.swift"; sourceTree = "<group>"; };
		4CD4536BEF5EBBA09998F943 /* Pods_NewsApp.framework */ = {isa = PBXFileReference; explicitFileType = wrapper.framework; includeInIndex = 0; path = Pods_NewsApp.framework; sourceTree = BUILT_PRODUCTS_DIR; };
		7822AE5B0A25242113B5A46D /* Pods-NewsApp.debug.xcconfig */ = {isa = PBXFileReference; includeInIndex = 1; lastKnownFileType = text.xcconfig; name = "Pods-NewsApp.debug.xcconfig"; path = "Target Support Files/Pods-NewsApp/Pods-NewsApp.debug.xcconfig"; sourceTree = "<group>"; };
		96170D4C00BF879E1FECBC7D /* Pods-NewsApp.release.xcconfig */ = {isa = PBXFileReference; includeInIndex = 1; lastKnownFileType = text.xcconfig; name = "Pods-NewsApp.release.xcconfig"; path = "Target Support Files/Pods-NewsApp/Pods-NewsApp.release.xcconfig"; sourceTree = "<group>"; };
/* End PBXFileReference section */

/* Begin PBXFrameworksBuildPhase section */
		3E2E14BD28D9EA1D0094273E /* Frameworks */ = {
			isa = PBXFrameworksBuildPhase;
			buildActionMask = 2147483647;
			files = (
				9026CAAD23F903BE59E98C17 /* Pods_NewsApp.framework in Frameworks */,
			);
			runOnlyForDeploymentPostprocessing = 0;
		};
		3E9EBA6828E0104400EBB5BD /* Frameworks */ = {
			isa = PBXFrameworksBuildPhase;
			buildActionMask = 2147483647;
			files = (
			);
			runOnlyForDeploymentPostprocessing = 0;
		};
		3ED20F2328DF888000CF267B /* Frameworks */ = {
			isa = PBXFrameworksBuildPhase;
			buildActionMask = 2147483647;
			files = (
			);
			runOnlyForDeploymentPostprocessing = 0;
		};
/* End PBXFrameworksBuildPhase section */

/* Begin PBXGroup section */
		31D7AE15DF936EF2414A1B0A /* Frameworks */ = {
			isa = PBXGroup;
			children = (
				4CD4536BEF5EBBA09998F943 /* Pods_NewsApp.framework */,
			);
			name = Frameworks;
			sourceTree = "<group>";
		};
		3E2E14B728D9EA1D0094273E = {
			isa = PBXGroup;
			children = (
				3E2E14C228D9EA1D0094273E /* NewsApp */,
				3ED20F2728DF888300CF267B /* NewsAppTests */,
				3E9EBA6C28E0104400EBB5BD /* NewsAppUITests */,
				3E2E14C128D9EA1D0094273E /* Products */,
				E46BE8AF0AB8CE61CDD034A9 /* Pods */,
				31D7AE15DF936EF2414A1B0A /* Frameworks */,
			);
			sourceTree = "<group>";
		};
		3E2E14C128D9EA1D0094273E /* Products */ = {
			isa = PBXGroup;
			children = (
				3E2E14C028D9EA1D0094273E /* NewsApp.app */,
				3ED20F2628DF888000CF267B /* NewsAppTests.xctest */,
				3E9EBA6B28E0104400EBB5BD /* NewsAppUITests.xctest */,
			);
			name = Products;
			sourceTree = "<group>";
		};
		3E2E14C228D9EA1D0094273E /* NewsApp */ = {
			isa = PBXGroup;
			children = (
				3E2E14D428D9EA1F0094273E /* Info.plist */,
				3ED734C228DC03A3000BE873 /* App */,
				3E9D03C428DAA82A00178430 /* LocalDataSource */,
				3E9D03B728DA792200178430 /* Utilites */,
				3E2E14FD28DA28DB0094273E /* ViewModel */,
				3E2E14EC28DA0BA80094273E /* Models */,
				3E2E14EB28DA0B830094273E /* Network */,
				3E2E14DA28D9FD910094273E /* Views */,
			);
			path = NewsApp;
			sourceTree = "<group>";
		};
		3E2E14DA28D9FD910094273E /* Views */ = {
			isa = PBXGroup;
			children = (
				3EABFFE528DD4C000004E43E /* Settings */,
				3ED734C128DC0363000BE873 /* Main */,
				3E9D03AE28DA6CA500178430 /* OnBoarding */,
				3E2E14E128DA05CE0094273E /* Home */,
				3E2E14E228DA05E00094273E /* Search */,
				3E2E14E328DA05E70094273E /* Favourit */,
				3E2E14E428DA06050094273E /* cells */,
			);
			path = Views;
			sourceTree = "<group>";
		};
		3E2E14E128DA05CE0094273E /* Home */ = {
			isa = PBXGroup;
			children = (
				3E2E14DF28DA00820094273E /* ListNewsViewController.swift */,
				3ED734BB28DBCB61000BE873 /* ListNewsTb+Ex.swift */,
				3EABFFDD28DD1C650004E43E /* ListNewsCoreData+ex.swift */,
			);
			path = Home;
			sourceTree = "<group>";
		};
		3E2E14E228DA05E00094273E /* Search */ = {
			isa = PBXGroup;
			children = (
				3E2E14E528DA06240094273E /* SearchViewController.swift */,
				3ED734BD28DBCFBE000BE873 /* SearchViewTb+Ex.swift */,
				3EABFFDF28DD1CBA0004E43E /* SearchViewCoreData+ex.swift */,
			);
			path = Search;
			sourceTree = "<group>";
		};
		3E2E14E328DA05E70094273E /* Favourit */ = {
			isa = PBXGroup;
			children = (
				3E2E14E928DA068E0094273E /* FavViewController.swift */,
				3ED734BF28DBD18C000BE873 /* FavViewTb+ex.swift */,
			);
			path = Favourit;
			sourceTree = "<group>";
		};
		3E2E14E428DA06050094273E /* cells */ = {
			isa = PBXGroup;
			children = (
				3EABFFE228DD1D350004E43E /* CatgoryCell */,
				3EABFFE128DD1D230004E43E /* NewsCell */,
			);
			path = cells;
			sourceTree = "<group>";
		};
		3E2E14EB28DA0B830094273E /* Network */ = {
			isa = PBXGroup;
			children = (
				3E2E14ED28DA10ED0094273E /* APIClint.swift */,
				3E2E14EF28DA10FE0094273E /* EndPoints.swift */,
				3E2E14F928DA230F0094273E /* ErrorType.swift */,
				3E2E14FB28DA23CE0094273E /* Methods.swift */,
				3E2E14F128DA11210094273E /* NetworkServiceProtocol.swift */,
			);
			path = Network;
			sourceTree = "<group>";
		};
		3E2E14EC28DA0BA80094273E /* Models */ = {
			isa = PBXGroup;
			children = (
				3E9D03CB28DAA9E800178430 /* ArticlesModel.swift */,
			);
			path = Models;
			sourceTree = "<group>";
		};
		3E2E14FD28DA28DB0094273E /* ViewModel */ = {
			isa = PBXGroup;
			children = (
				3E2E14FE28DA28EC0094273E /* NewsViewModel.swift */,
			);
			path = ViewModel;
			sourceTree = "<group>";
		};
		3E9D03AE28DA6CA500178430 /* OnBoarding */ = {
			isa = PBXGroup;
			children = (
				3E9D03BA28DA857000178430 /* CountryOnBoardingViewController.swift */,
				3E9D03BC28DA86F600178430 /* CatgoryOnboardingViewController.swift */,
				3E2E150628DA68F10094273E /* SplashViewController.swift */,
				3E2E14D128D9EA1F0094273E /* LaunchScreen.storyboard */,
				3E2E150428DA68210094273E /* splash.json */,
			);
			path = OnBoarding;
			sourceTree = "<group>";
		};
		3E9D03B728DA792200178430 /* Utilites */ = {
			isa = PBXGroup;
			children = (
				3E9D03B828DA794800178430 /* Utilities.swift */,
				3ED734B928DBC543000BE873 /* HandleConnection.swift */,
			);
			path = Utilites;
			sourceTree = "<group>";
		};
		3E9D03C428DAA82A00178430 /* LocalDataSource */ = {
			isa = PBXGroup;
			children = (
				3E2E14CC28D9EA1D0094273E /* NewsApp.xcdatamodeld */,
				3E9D03CD28DAABBD00178430 /* LocalDataSource.swift */,
			);
			path = LocalDataSource;
			sourceTree = "<group>";
		};
		3E9EBA6C28E0104400EBB5BD /* NewsAppUITests */ = {
			isa = PBXGroup;
			children = (
				3E9EBA6D28E0104400EBB5BD /* NewsAppUITests.swift */,
				3E9EBA6F28E0104500EBB5BD /* NewsAppUITestsLaunchTests.swift */,
			);
			path = NewsAppUITests;
			sourceTree = "<group>";
		};
		3EABFFE128DD1D230004E43E /* NewsCell */ = {
			isa = PBXGroup;
			children = (
				3E2E14DC28D9FDD50094273E /* NewsTableViewCell.xib */,
				3E2E14DB28D9FDD50094273E /* NewsTableViewCell.swift */,
			);
			path = NewsCell;
			sourceTree = "<group>";
		};
		3EABFFE228DD1D350004E43E /* CatgoryCell */ = {
			isa = PBXGroup;
			children = (
				3E9D03BE28DA953000178430 /* CatgoryTableViewCell.swift */,
				3E9D03BF28DA953000178430 /* CatgoryTableViewCell.xib */,
			);
			path = CatgoryCell;
			sourceTree = "<group>";
		};
		3EABFFE528DD4C000004E43E /* Settings */ = {
			isa = PBXGroup;
			children = (
				3EABFFE628DD4C2E0004E43E /* SettingsViewController.swift */,
			);
			path = Settings;
			sourceTree = "<group>";
		};
		3ED20F2728DF888300CF267B /* NewsAppTests */ = {
			isa = PBXGroup;
			children = (
				3ED20F2F28DF9B3C00CF267B /* ApiClintTests.swift */,
				3ED20F3E28DFA38400CF267B /* stub.json */,
				3ED20F4028DFA3C400CF267B /* Bundle+unitTest.swift */,
				3ED20F4428DFBB4B00CF267B /* ViewModelTests.swift */,
				3E9EBA5F28DFCE1700EBB5BD /* LocalDataSourseTests.swift */,
				3E9EBA6128DFDAC200EBB5BD /* MockCoreData.swift */,
				3E9EBA6328DFEF7600EBB5BD /* UtilitesTest.swift */,
			);
			path = NewsAppTests;
			sourceTree = "<group>";
		};
		3ED734C128DC0363000BE873 /* Main */ = {
			isa = PBXGroup;
			children = (
				3E2E14CF28D9EA1F0094273E /* Assets.xcassets */,
				3E2E14C928D9EA1D0094273E /* Main.storyboard */,
				3E9D03C228DA9ECE00178430 /* TabBarViewController.swift */,
			);
			path = Main;
			sourceTree = "<group>";
		};
		3ED734C228DC03A3000BE873 /* App */ = {
			isa = PBXGroup;
			children = (
				3E2E14C328D9EA1D0094273E /* AppDelegate.swift */,
				3E2E14C528D9EA1D0094273E /* SceneDelegate.swift */,
			);
			path = App;
			sourceTree = "<group>";
		};
		E46BE8AF0AB8CE61CDD034A9 /* Pods */ = {
			isa = PBXGroup;
			children = (
				7822AE5B0A25242113B5A46D /* Pods-NewsApp.debug.xcconfig */,
				96170D4C00BF879E1FECBC7D /* Pods-NewsApp.release.xcconfig */,
			);
			path = Pods;
			sourceTree = "<group>";
		};
/* End PBXGroup section */

/* Begin PBXNativeTarget section */
		3E2E14BF28D9EA1D0094273E /* NewsApp */ = {
			isa = PBXNativeTarget;
			buildConfigurationList = 3E2E14D728D9EA1F0094273E /* Build configuration list for PBXNativeTarget "NewsApp" */;
			buildPhases = (
				7BDF0156CBAF692574B77924 /* [CP] Check Pods Manifest.lock */,
				3E2E14BC28D9EA1D0094273E /* Sources */,
				3E2E14BD28D9EA1D0094273E /* Frameworks */,
				3E2E14BE28D9EA1D0094273E /* Resources */,
				BDF04B9B48F53DF3F495E3A8 /* [CP] Embed Pods Frameworks */,
			);
			buildRules = (
			);
			dependencies = (
			);
			name = NewsApp;
			productName = NewsApp;
			productReference = 3E2E14C028D9EA1D0094273E /* NewsApp.app */;
			productType = "com.apple.product-type.application";
		};
		3E9EBA6A28E0104400EBB5BD /* NewsAppUITests */ = {
			isa = PBXNativeTarget;
			buildConfigurationList = 3E9EBA7328E0104500EBB5BD /* Build configuration list for PBXNativeTarget "NewsAppUITests" */;
			buildPhases = (
				3E9EBA6728E0104400EBB5BD /* Sources */,
				3E9EBA6828E0104400EBB5BD /* Frameworks */,
				3E9EBA6928E0104400EBB5BD /* Resources */,
			);
			buildRules = (
			);
			dependencies = (
				3E9EBA7228E0104500EBB5BD /* PBXTargetDependency */,
			);
			name = NewsAppUITests;
			productName = NewsAppUITests;
			productReference = 3E9EBA6B28E0104400EBB5BD /* NewsAppUITests.xctest */;
			productType = "com.apple.product-type.bundle.ui-testing";
		};
		3ED20F2528DF888000CF267B /* NewsAppTests */ = {
			isa = PBXNativeTarget;
			buildConfigurationList = 3ED20F2E28DF888300CF267B /* Build configuration list for PBXNativeTarget "NewsAppTests" */;
			buildPhases = (
				3ED20F2228DF888000CF267B /* Sources */,
				3ED20F2328DF888000CF267B /* Frameworks */,
				3ED20F2428DF888000CF267B /* Resources */,
			);
			buildRules = (
			);
			dependencies = (
				3ED20F2B28DF888300CF267B /* PBXTargetDependency */,
			);
			name = NewsAppTests;
			productName = NewsAppTests;
			productReference = 3ED20F2628DF888000CF267B /* NewsAppTests.xctest */;
			productType = "com.apple.product-type.bundle.unit-test";
		};
/* End PBXNativeTarget section */

/* Begin PBXProject section */
		3E2E14B828D9EA1D0094273E /* Project object */ = {
			isa = PBXProject;
			attributes = {
				BuildIndependentTargetsInParallel = 1;
				LastSwiftUpdateCheck = 1340;
				LastUpgradeCheck = 1340;
				TargetAttributes = {
					3E2E14BF28D9EA1D0094273E = {
						CreatedOnToolsVersion = 13.4.1;
					};
					3E9EBA6A28E0104400EBB5BD = {
						CreatedOnToolsVersion = 13.4.1;
						TestTargetID = 3E2E14BF28D9EA1D0094273E;
					};
					3ED20F2528DF888000CF267B = {
						CreatedOnToolsVersion = 13.4.1;
						TestTargetID = 3E2E14BF28D9EA1D0094273E;
					};
				};
			};
			buildConfigurationList = 3E2E14BB28D9EA1D0094273E /* Build configuration list for PBXProject "NewsApp" */;
			compatibilityVersion = "Xcode 13.0";
			developmentRegion = en;
			hasScannedForEncodings = 0;
			knownRegions = (
				en,
				Base,
			);
			mainGroup = 3E2E14B728D9EA1D0094273E;
			productRefGroup = 3E2E14C128D9EA1D0094273E /* Products */;
			projectDirPath = "";
			projectRoot = "";
			targets = (
				3E2E14BF28D9EA1D0094273E /* NewsApp */,
				3ED20F2528DF888000CF267B /* NewsAppTests */,
				3E9EBA6A28E0104400EBB5BD /* NewsAppUITests */,
			);
		};
/* End PBXProject section */

/* Begin PBXResourcesBuildPhase section */
		3E2E14BE28D9EA1D0094273E /* Resources */ = {
			isa = PBXResourcesBuildPhase;
			buildActionMask = 2147483647;
			files = (
				3E2E14D328D9EA1F0094273E /* LaunchScreen.storyboard in Resources */,
				3E2E14D028D9EA1F0094273E /* Assets.xcassets in Resources */,
				3E2E14DE28D9FDD50094273E /* NewsTableViewCell.xib in Resources */,
				3E9D03C128DA953000178430 /* CatgoryTableViewCell.xib in Resources */,
				3E2E14CB28D9EA1D0094273E /* Main.storyboard in Resources */,
				3E2E150528DA68220094273E /* splash.json in Resources */,
			);
			runOnlyForDeploymentPostprocessing = 0;
		};
		3E9EBA6928E0104400EBB5BD /* Resources */ = {
			isa = PBXResourcesBuildPhase;
			buildActionMask = 2147483647;
			files = (
			);
			runOnlyForDeploymentPostprocessing = 0;
		};
		3ED20F2428DF888000CF267B /* Resources */ = {
			isa = PBXResourcesBuildPhase;
			buildActionMask = 2147483647;
			files = (
				3ED20F3F28DFA38400CF267B /* stub.json in Resources */,
			);
			runOnlyForDeploymentPostprocessing = 0;
		};
/* End PBXResourcesBuildPhase section */

/* Begin PBXShellScriptBuildPhase section */
		7BDF0156CBAF692574B77924 /* [CP] Check Pods Manifest.lock */ = {
			isa = PBXShellScriptBuildPhase;
			buildActionMask = 2147483647;
			files = (
			);
			inputFileListPaths = (
			);
			inputPaths = (
				"${PODS_PODFILE_DIR_PATH}/Podfile.lock",
				"${PODS_ROOT}/Manifest.lock",
			);
			name = "[CP] Check Pods Manifest.lock";
			outputFileListPaths = (
			);
			outputPaths = (
				"$(DERIVED_FILE_DIR)/Pods-NewsApp-checkManifestLockResult.txt",
			);
			runOnlyForDeploymentPostprocessing = 0;
			shellPath = /bin/sh;
			shellScript = "diff \"${PODS_PODFILE_DIR_PATH}/Podfile.lock\" \"${PODS_ROOT}/Manifest.lock\" > /dev/null\nif [ $? != 0 ] ; then\n    # print error to STDERR\n    echo \"error: The sandbox is not in sync with the Podfile.lock. Run 'pod install' or update your CocoaPods installation.\" >&2\n    exit 1\nfi\n# This output is used by Xcode 'outputs' to avoid re-running this script phase.\necho \"SUCCESS\" > \"${SCRIPT_OUTPUT_FILE_0}\"\n";
			showEnvVarsInLog = 0;
		};
		BDF04B9B48F53DF3F495E3A8 /* [CP] Embed Pods Frameworks */ = {
			isa = PBXShellScriptBuildPhase;
			buildActionMask = 2147483647;
			files = (
			);
			inputFileListPaths = (
				"${PODS_ROOT}/Target Support Files/Pods-NewsApp/Pods-NewsApp-frameworks-${CONFIGURATION}-input-files.xcfilelist",
			);
			name = "[CP] Embed Pods Frameworks";
			outputFileListPaths = (
				"${PODS_ROOT}/Target Support Files/Pods-NewsApp/Pods-NewsApp-frameworks-${CONFIGURATION}-output-files.xcfilelist",
			);
			runOnlyForDeploymentPostprocessing = 0;
			shellPath = /bin/sh;
			shellScript = "\"${PODS_ROOT}/Target Support Files/Pods-NewsApp/Pods-NewsApp-frameworks.sh\"\n";
			showEnvVarsInLog = 0;
		};
/* End PBXShellScriptBuildPhase section */

/* Begin PBXSourcesBuildPhase section */
		3E2E14BC28D9EA1D0094273E /* Sources */ = {
			isa = PBXSourcesBuildPhase;
			buildActionMask = 2147483647;
			files = (
				3E2E14E628DA06240094273E /* SearchViewController.swift in Sources */,
				3E2E14F028DA10FE0094273E /* EndPoints.swift in Sources */,
				3E9D03C328DA9ECE00178430 /* TabBarViewController.swift in Sources */,
				3E2E150728DA68F10094273E /* SplashViewController.swift in Sources */,
				3E2E14C428D9EA1D0094273E /* AppDelegate.swift in Sources */,
				3E2E14EA28DA068E0094273E /* FavViewController.swift in Sources */,
				3E9D03BB28DA857000178430 /* CountryOnBoardingViewController.swift in Sources */,
				3E9D03CC28DAA9E800178430 /* ArticlesModel.swift in Sources */,
				3EABFFDE28DD1C650004E43E /* ListNewsCoreData+ex.swift in Sources */,
				3E9D03CE28DAABBD00178430 /* LocalDataSource.swift in Sources */,
				3E2E14F228DA11210094273E /* NetworkServiceProtocol.swift in Sources */,
				3E2E14DD28D9FDD50094273E /* NewsTableViewCell.swift in Sources */,
				3ED734BA28DBC543000BE873 /* HandleConnection.swift in Sources */,
				3E2E14FF28DA28EC0094273E /* NewsViewModel.swift in Sources */,
				3E2E14CE28D9EA1D0094273E /* NewsApp.xcdatamodeld in Sources */,
				3E2E14FA28DA230F0094273E /* ErrorType.swift in Sources */,
				3ED734C028DBD18C000BE873 /* FavViewTb+ex.swift in Sources */,
				3E2E14EE28DA10ED0094273E /* APIClint.swift in Sources */,
				3ED734BC28DBCB61000BE873 /* ListNewsTb+Ex.swift in Sources */,
				3EABFFE028DD1CBA0004E43E /* SearchViewCoreData+ex.swift in Sources */,
				3E9D03BD28DA86F600178430 /* CatgoryOnboardingViewController.swift in Sources */,
				3E2E14C628D9EA1D0094273E /* SceneDelegate.swift in Sources */,
				3E2E14FC28DA23CE0094273E /* Methods.swift in Sources */,
				3EABFFE728DD4C2E0004E43E /* SettingsViewController.swift in Sources */,
				3ED734BE28DBCFBE000BE873 /* SearchViewTb+Ex.swift in Sources */,
				3E9D03C028DA953000178430 /* CatgoryTableViewCell.swift in Sources */,
				3E9D03B928DA794800178430 /* Utilities.swift in Sources */,
				3E2E14E028DA00820094273E /* ListNewsViewController.swift in Sources */,
			);
			runOnlyForDeploymentPostprocessing = 0;
		};
		3E9EBA6728E0104400EBB5BD /* Sources */ = {
			isa = PBXSourcesBuildPhase;
			buildActionMask = 2147483647;
			files = (
				3E9EBA6E28E0104400EBB5BD /* NewsAppUITests.swift in Sources */,
				3E9EBA7028E0104500EBB5BD /* NewsAppUITestsLaunchTests.swift in Sources */,
			);
			runOnlyForDeploymentPostprocessing = 0;
		};
		3ED20F2228DF888000CF267B /* Sources */ = {
			isa = PBXSourcesBuildPhase;
			buildActionMask = 2147483647;
			files = (
				3ED20F4128DFA3C400CF267B /* Bundle+unitTest.swift in Sources */,
				3ED20F4528DFBB4B00CF267B /* ViewModelTests.swift in Sources */,
				3E9EBA6428DFEF7600EBB5BD /* UtilitesTest.swift in Sources */,
				3E9EBA6028DFCE1700EBB5BD /* LocalDataSourseTests.swift in Sources */,
				3E9EBA6228DFDAC200EBB5BD /* MockCoreData.swift in Sources */,
				3ED20F3028DF9B3C00CF267B /* ApiClintTests.swift in Sources */,
			);
			runOnlyForDeploymentPostprocessing = 0;
		};
/* End PBXSourcesBuildPhase section */

/* Begin PBXTargetDependency section */
		3E9EBA7228E0104500EBB5BD /* PBXTargetDependency */ = {
			isa = PBXTargetDependency;
			target = 3E2E14BF28D9EA1D0094273E /* NewsApp */;
			targetProxy = 3E9EBA7128E0104500EBB5BD /* PBXContainerItemProxy */;
		};
		3ED20F2B28DF888300CF267B /* PBXTargetDependency */ = {
			isa = PBXTargetDependency;
			target = 3E2E14BF28D9EA1D0094273E /* NewsApp */;
			targetProxy = 3ED20F2A28DF888300CF267B /* PBXContainerItemProxy */;
		};
/* End PBXTargetDependency section */

/* Begin PBXVariantGroup section */
		3E2E14C928D9EA1D0094273E /* Main.storyboard */ = {
			isa = PBXVariantGroup;
			children = (
				3E2E14CA28D9EA1D0094273E /* Base */,
			);
			name = Main.storyboard;
			sourceTree = "<group>";
		};
		3E2E14D128D9EA1F0094273E /* LaunchScreen.storyboard */ = {
			isa = PBXVariantGroup;
			children = (
				3E2E14D228D9EA1F0094273E /* Base */,
			);
			name = LaunchScreen.storyboard;
			sourceTree = "<group>";
		};
/* End PBXVariantGroup section */

/* Begin XCBuildConfiguration section */
		3E2E14D528D9EA1F0094273E /* Debug */ = {
			isa = XCBuildConfiguration;
			buildSettings = {
				ALWAYS_SEARCH_USER_PATHS = NO;
				CLANG_ANALYZER_NONNULL = YES;
				CLANG_ANALYZER_NUMBER_OBJECT_CONVERSION = YES_AGGRESSIVE;
				CLANG_CXX_LANGUAGE_STANDARD = "gnu++17";
				CLANG_ENABLE_MODULES = YES;
				CLANG_ENABLE_OBJC_ARC = YES;
				CLANG_ENABLE_OBJC_WEAK = YES;
				CLANG_WARN_BLOCK_CAPTURE_AUTORELEASING = YES;
				CLANG_WARN_BOOL_CONVERSION = YES;
				CLANG_WARN_COMMA = YES;
				CLANG_WARN_CONSTANT_CONVERSION = YES;
				CLANG_WARN_DEPRECATED_OBJC_IMPLEMENTATIONS = YES;
				CLANG_WARN_DIRECT_OBJC_ISA_USAGE = YES_ERROR;
				CLANG_WARN_DOCUMENTATION_COMMENTS = YES;
				CLANG_WARN_EMPTY_BODY = YES;
				CLANG_WARN_ENUM_CONVERSION = YES;
				CLANG_WARN_INFINITE_RECURSION = YES;
				CLANG_WARN_INT_CONVERSION = YES;
				CLANG_WARN_NON_LITERAL_NULL_CONVERSION = YES;
				CLANG_WARN_OBJC_IMPLICIT_RETAIN_SELF = YES;
				CLANG_WARN_OBJC_LITERAL_CONVERSION = YES;
				CLANG_WARN_OBJC_ROOT_CLASS = YES_ERROR;
				CLANG_WARN_QUOTED_INCLUDE_IN_FRAMEWORK_HEADER = YES;
				CLANG_WARN_RANGE_LOOP_ANALYSIS = YES;
				CLANG_WARN_STRICT_PROTOTYPES = YES;
				CLANG_WARN_SUSPICIOUS_MOVE = YES;
				CLANG_WARN_UNGUARDED_AVAILABILITY = YES_AGGRESSIVE;
				CLANG_WARN_UNREACHABLE_CODE = YES;
				CLANG_WARN__DUPLICATE_METHOD_MATCH = YES;
				COPY_PHASE_STRIP = NO;
				DEBUG_INFORMATION_FORMAT = dwarf;
				ENABLE_STRICT_OBJC_MSGSEND = YES;
				ENABLE_TESTABILITY = YES;
				GCC_C_LANGUAGE_STANDARD = gnu11;
				GCC_DYNAMIC_NO_PIC = NO;
				GCC_NO_COMMON_BLOCKS = YES;
				GCC_OPTIMIZATION_LEVEL = 0;
				GCC_PREPROCESSOR_DEFINITIONS = (
					"DEBUG=1",
					"$(inherited)",
				);
				GCC_WARN_64_TO_32_BIT_CONVERSION = YES;
				GCC_WARN_ABOUT_RETURN_TYPE = YES_ERROR;
				GCC_WARN_UNDECLARED_SELECTOR = YES;
				GCC_WARN_UNINITIALIZED_AUTOS = YES_AGGRESSIVE;
				GCC_WARN_UNUSED_FUNCTION = YES;
				GCC_WARN_UNUSED_VARIABLE = YES;
				IPHONEOS_DEPLOYMENT_TARGET = 15.5;
				MTL_ENABLE_DEBUG_INFO = INCLUDE_SOURCE;
				MTL_FAST_MATH = YES;
				ONLY_ACTIVE_ARCH = YES;
				SDKROOT = iphoneos;
				SWIFT_ACTIVE_COMPILATION_CONDITIONS = DEBUG;
				SWIFT_OPTIMIZATION_LEVEL = "-Onone";
			};
			name = Debug;
		};
		3E2E14D628D9EA1F0094273E /* Release */ = {
			isa = XCBuildConfiguration;
			buildSettings = {
				ALWAYS_SEARCH_USER_PATHS = NO;
				CLANG_ANALYZER_NONNULL = YES;
				CLANG_ANALYZER_NUMBER_OBJECT_CONVERSION = YES_AGGRESSIVE;
				CLANG_CXX_LANGUAGE_STANDARD = "gnu++17";
				CLANG_ENABLE_MODULES = YES;
				CLANG_ENABLE_OBJC_ARC = YES;
				CLANG_ENABLE_OBJC_WEAK = YES;
				CLANG_WARN_BLOCK_CAPTURE_AUTORELEASING = YES;
				CLANG_WARN_BOOL_CONVERSION = YES;
				CLANG_WARN_COMMA = YES;
				CLANG_WARN_CONSTANT_CONVERSION = YES;
				CLANG_WARN_DEPRECATED_OBJC_IMPLEMENTATIONS = YES;
				CLANG_WARN_DIRECT_OBJC_ISA_USAGE = YES_ERROR;
				CLANG_WARN_DOCUMENTATION_COMMENTS = YES;
				CLANG_WARN_EMPTY_BODY = YES;
				CLANG_WARN_ENUM_CONVERSION = YES;
				CLANG_WARN_INFINITE_RECURSION = YES;
				CLANG_WARN_INT_CONVERSION = YES;
				CLANG_WARN_NON_LITERAL_NULL_CONVERSION = YES;
				CLANG_WARN_OBJC_IMPLICIT_RETAIN_SELF = YES;
				CLANG_WARN_OBJC_LITERAL_CONVERSION = YES;
				CLANG_WARN_OBJC_ROOT_CLASS = YES_ERROR;
				CLANG_WARN_QUOTED_INCLUDE_IN_FRAMEWORK_HEADER = YES;
				CLANG_WARN_RANGE_LOOP_ANALYSIS = YES;
				CLANG_WARN_STRICT_PROTOTYPES = YES;
				CLANG_WARN_SUSPICIOUS_MOVE = YES;
				CLANG_WARN_UNGUARDED_AVAILABILITY = YES_AGGRESSIVE;
				CLANG_WARN_UNREACHABLE_CODE = YES;
				CLANG_WARN__DUPLICATE_METHOD_MATCH = YES;
				COPY_PHASE_STRIP = NO;
				DEBUG_INFORMATION_FORMAT = "dwarf-with-dsym";
				ENABLE_NS_ASSERTIONS = NO;
				ENABLE_STRICT_OBJC_MSGSEND = YES;
				GCC_C_LANGUAGE_STANDARD = gnu11;
				GCC_NO_COMMON_BLOCKS = YES;
				GCC_WARN_64_TO_32_BIT_CONVERSION = YES;
				GCC_WARN_ABOUT_RETURN_TYPE = YES_ERROR;
				GCC_WARN_UNDECLARED_SELECTOR = YES;
				GCC_WARN_UNINITIALIZED_AUTOS = YES_AGGRESSIVE;
				GCC_WARN_UNUSED_FUNCTION = YES;
				GCC_WARN_UNUSED_VARIABLE = YES;
				IPHONEOS_DEPLOYMENT_TARGET = 15.5;
				MTL_ENABLE_DEBUG_INFO = NO;
				MTL_FAST_MATH = YES;
				SDKROOT = iphoneos;
				SWIFT_COMPILATION_MODE = wholemodule;
				SWIFT_OPTIMIZATION_LEVEL = "-O";
				VALIDATE_PRODUCT = YES;
			};
			name = Release;
		};
		3E2E14D828D9EA1F0094273E /* Debug */ = {
			isa = XCBuildConfiguration;
			baseConfigurationReference = 7822AE5B0A25242113B5A46D /* Pods-NewsApp.debug.xcconfig */;
			buildSettings = {
				ASSETCATALOG_COMPILER_APPICON_NAME = AppIcon;
				ASSETCATALOG_COMPILER_GLOBAL_ACCENT_COLOR_NAME = AccentColor;
				CODE_SIGN_STYLE = Automatic;
				CURRENT_PROJECT_VERSION = 1;
				GENERATE_INFOPLIST_FILE = YES;
				INFOPLIST_FILE = NewsApp/Info.plist;
				INFOPLIST_KEY_UIApplicationSupportsIndirectInputEvents = YES;
				INFOPLIST_KEY_UILaunchStoryboardName = LaunchScreen;
				INFOPLIST_KEY_UIMainStoryboardFile = Main;
				INFOPLIST_KEY_UISupportedInterfaceOrientations_iPad = "UIInterfaceOrientationPortrait UIInterfaceOrientationPortraitUpsideDown UIInterfaceOrientationLandscapeLeft UIInterfaceOrientationLandscapeRight";
				INFOPLIST_KEY_UISupportedInterfaceOrientations_iPhone = "UIInterfaceOrientationPortrait UIInterfaceOrientationLandscapeLeft UIInterfaceOrientationLandscapeRight";
				LD_RUNPATH_SEARCH_PATHS = (
					"$(inherited)",
					"@executable_path/Frameworks",
				);
				MARKETING_VERSION = 1.0;
				PRODUCT_BUNDLE_IDENTIFIER = iti.NewsApp;
				PRODUCT_NAME = "$(TARGET_NAME)";
				SWIFT_EMIT_LOC_STRINGS = YES;
				SWIFT_VERSION = 5.0;
				TARGETED_DEVICE_FAMILY = "1,2";
			};
			name = Debug;
		};
		3E2E14D928D9EA1F0094273E /* Release */ = {
			isa = XCBuildConfiguration;
			baseConfigurationReference = 96170D4C00BF879E1FECBC7D /* Pods-NewsApp.release.xcconfig */;
			buildSettings = {
				ASSETCATALOG_COMPILER_APPICON_NAME = AppIcon;
				ASSETCATALOG_COMPILER_GLOBAL_ACCENT_COLOR_NAME = AccentColor;
				CODE_SIGN_STYLE = Automatic;
				CURRENT_PROJECT_VERSION = 1;
				GENERATE_INFOPLIST_FILE = YES;
				INFOPLIST_FILE = NewsApp/Info.plist;
				INFOPLIST_KEY_UIApplicationSupportsIndirectInputEvents = YES;
				INFOPLIST_KEY_UILaunchStoryboardName = LaunchScreen;
				INFOPLIST_KEY_UIMainStoryboardFile = Main;
				INFOPLIST_KEY_UISupportedInterfaceOrientations_iPad = "UIInterfaceOrientationPortrait UIInterfaceOrientationPortraitUpsideDown UIInterfaceOrientationLandscapeLeft UIInterfaceOrientationLandscapeRight";
				INFOPLIST_KEY_UISupportedInterfaceOrientations_iPhone = "UIInterfaceOrientationPortrait UIInterfaceOrientationLandscapeLeft UIInterfaceOrientationLandscapeRight";
				LD_RUNPATH_SEARCH_PATHS = (
					"$(inherited)",
					"@executable_path/Frameworks",
				);
				MARKETING_VERSION = 1.0;
				PRODUCT_BUNDLE_IDENTIFIER = iti.NewsApp;
				PRODUCT_NAME = "$(TARGET_NAME)";
				SWIFT_EMIT_LOC_STRINGS = YES;
				SWIFT_VERSION = 5.0;
				TARGETED_DEVICE_FAMILY = "1,2";
			};
			name = Release;
		};
		3E9EBA7428E0104500EBB5BD /* Debug */ = {
			isa = XCBuildConfiguration;
			buildSettings = {
				CODE_SIGN_STYLE = Automatic;
				CURRENT_PROJECT_VERSION = 1;
				GENERATE_INFOPLIST_FILE = YES;
				MARKETING_VERSION = 1.0;
				PRODUCT_BUNDLE_IDENTIFIER = iti.NewsAppUITests;
				PRODUCT_NAME = "$(TARGET_NAME)";
				SWIFT_EMIT_LOC_STRINGS = NO;
				SWIFT_VERSION = 5.0;
				TARGETED_DEVICE_FAMILY = "1,2";
				TEST_TARGET_NAME = NewsApp;
			};
			name = Debug;
		};
		3E9EBA7528E0104500EBB5BD /* Release */ = {
			isa = XCBuildConfiguration;
			buildSettings = {
				CODE_SIGN_STYLE = Automatic;
				CURRENT_PROJECT_VERSION = 1;
				GENERATE_INFOPLIST_FILE = YES;
				MARKETING_VERSION = 1.0;
				PRODUCT_BUNDLE_IDENTIFIER = iti.NewsAppUITests;
				PRODUCT_NAME = "$(TARGET_NAME)";
				SWIFT_EMIT_LOC_STRINGS = NO;
				SWIFT_VERSION = 5.0;
				TARGETED_DEVICE_FAMILY = "1,2";
				TEST_TARGET_NAME = NewsApp;
			};
			name = Release;
		};
		3ED20F2C28DF888300CF267B /* Debug */ = {
			isa = XCBuildConfiguration;
			buildSettings = {
				BUNDLE_LOADER = "$(TEST_HOST)";
				CODE_SIGN_STYLE = Automatic;
				CURRENT_PROJECT_VERSION = 1;
				GENERATE_INFOPLIST_FILE = YES;
				MARKETING_VERSION = 1.0;
				PRODUCT_BUNDLE_IDENTIFIER = iti.NewsAppTests;
				PRODUCT_NAME = "$(TARGET_NAME)";
				SWIFT_EMIT_LOC_STRINGS = NO;
				SWIFT_VERSION = 5.0;
				TARGETED_DEVICE_FAMILY = "1,2";
				TEST_HOST = "$(BUILT_PRODUCTS_DIR)/NewsApp.app/NewsApp";
			};
			name = Debug;
		};
		3ED20F2D28DF888300CF267B /* Release */ = {
			isa = XCBuildConfiguration;
			buildSettings = {
				BUNDLE_LOADER = "$(TEST_HOST)";
				CODE_SIGN_STYLE = Automatic;
				CURRENT_PROJECT_VERSION = 1;
				GENERATE_INFOPLIST_FILE = YES;
				MARKETING_VERSION = 1.0;
				PRODUCT_BUNDLE_IDENTIFIER = iti.NewsAppTests;
				PRODUCT_NAME = "$(TARGET_NAME)";
				SWIFT_EMIT_LOC_STRINGS = NO;
				SWIFT_VERSION = 5.0;
				TARGETED_DEVICE_FAMILY = "1,2";
				TEST_HOST = "$(BUILT_PRODUCTS_DIR)/NewsApp.app/NewsApp";
			};
			name = Release;
		};
/* End XCBuildConfiguration section */

/* Begin XCConfigurationList section */
		3E2E14BB28D9EA1D0094273E /* Build configuration list for PBXProject "NewsApp" */ = {
			isa = XCConfigurationList;
			buildConfigurations = (
				3E2E14D528D9EA1F0094273E /* Debug */,
				3E2E14D628D9EA1F0094273E /* Release */,
			);
			defaultConfigurationIsVisible = 0;
			defaultConfigurationName = Release;
		};
		3E2E14D728D9EA1F0094273E /* Build configuration list for PBXNativeTarget "NewsApp" */ = {
			isa = XCConfigurationList;
			buildConfigurations = (
				3E2E14D828D9EA1F0094273E /* Debug */,
				3E2E14D928D9EA1F0094273E /* Release */,
			);
			defaultConfigurationIsVisible = 0;
			defaultConfigurationName = Release;
		};
		3E9EBA7328E0104500EBB5BD /* Build configuration list for PBXNativeTarget "NewsAppUITests" */ = {
			isa = XCConfigurationList;
			buildConfigurations = (
				3E9EBA7428E0104500EBB5BD /* Debug */,
				3E9EBA7528E0104500EBB5BD /* Release */,
			);
			defaultConfigurationIsVisible = 0;
			defaultConfigurationName = Release;
		};
		3ED20F2E28DF888300CF267B /* Build configuration list for PBXNativeTarget "NewsAppTests" */ = {
			isa = XCConfigurationList;
			buildConfigurations = (
				3ED20F2C28DF888300CF267B /* Debug */,
				3ED20F2D28DF888300CF267B /* Release */,
			);
			defaultConfigurationIsVisible = 0;
			defaultConfigurationName = Release;
		};
/* End XCConfigurationList section */

/* Begin XCVersionGroup section */
		3E2E14CC28D9EA1D0094273E /* NewsApp.xcdatamodeld */ = {
			isa = XCVersionGroup;
			children = (
				3E2E14CD28D9EA1D0094273E /* NewsApp.xcdatamodel */,
			);
			currentVersion = 3E2E14CD28D9EA1D0094273E /* NewsApp.xcdatamodel */;
			path = NewsApp.xcdatamodeld;
			sourceTree = "<group>";
			versionGroupType = wrapper.xcdatamodel;
		};
/* End XCVersionGroup section */
	};
	rootObject = 3E2E14B828D9EA1D0094273E /* Project object */;
}
